
Microsoft Visual Studio Solution File, Format Version 12.00
# Visual Studio Version 17
VisualStudioVersion = 17.6.33723.286
MinimumVisualStudioVersion = 10.0.40219.1
Project("{9A19103F-16F7-4668-BE54-9A1E7A4F7556}") = "FileProcessing", "ExceptionHandler\FileProcessing.csproj", "{07E59C2D-3C08-4E76-9F70-A6950A5C71E8}"
EndProject
Project("{9A19103F-16F7-4668-BE54-9A1E7A4F7556}") = "DatabaseOperations", "DatabaseOperations\DatabaseOperations.csproj", "{4E08E414-3783-4E20-A068-E7F112F63585}"
EndProject
Project("{9A19103F-16F7-4668-BE54-9A1E7A4F7556}") = "InputValidation", "InputValidation\InputValidation.csproj", "{17663E6A-3E44-4033-AA94-4307A84F4B05}"
EndProject
Project("{9A19103F-16F7-4668-BE54-9A1E7A4F7556}") = "Multithreading", "Multithreading\Multithreading.csproj", "{FB99B9B8-421C-47F1-8285-4F6881809E17}"
EndProject
Global
	GlobalSection(SolutionConfigurationPlatforms) = preSolution
		Debug|Any CPU = Debug|Any CPU
		Release|Any CPU = Release|Any CPU
	EndGlobalSection
	GlobalSection(ProjectConfigurationPlatforms) = postSolution
		{07E59C2D-3C08-4E76-9F70-A6950A5C71E8}.Debug|Any CPU.ActiveCfg = Debug|Any CPU
		{07E59C2D-3C08-4E76-9F70-A6950A5C71E8}.Debug|Any CPU.Build.0 = Debug|Any CPU
		{07E59C2D-3C08-4E76-9F70-A6950A5C71E8}.Release|Any CPU.ActiveCfg = Release|Any CPU
		{07E59C2D-3C08-4E76-9F70-A6950A5C71E8}.Release|Any CPU.Build.0 = Release|Any CPU
		{4E08E414-3783-4E20-A068-E7F112F63585}.Debug|Any CPU.ActiveCfg = Debug|Any CPU
		{4E08E414-3783-4E20-A068-E7F112F63585}.Debug|Any CPU.Build.0 = Debug|Any CPU
		{4E08E414-3783-4E20-A068-E7F112F63585}.Release|Any CPU.ActiveCfg = Release|Any CPU
		{4E08E414-3783-4E20-A068-E7F112F63585}.Release|Any CPU.Build.0 = Release|Any CPU
		{17663E6A-3E44-4033-AA94-4307A84F4B05}.Debug|Any CPU.ActiveCfg = Debug|Any CPU
		{17663E6A-3E44-4033-AA94-4307A84F4B05}.Debug|Any CPU.Build.0 = Debug|Any CPU
		{17663E6A-3E44-4033-AA94-4307A84F4B05}.Release|Any CPU.ActiveCfg = Release|Any CPU
		{17663E6A-3E44-4033-AA94-4307A84F4B05}.Release|Any CPU.Build.0 = Release|Any CPU
		{FB99B9B8-421C-47F1-8285-4F6881809E17}.Debug|Any CPU.ActiveCfg = Debug|Any CPU
		{FB99B9B8-421C-47F1-8285-4F6881809E17}.Debug|Any CPU.Build.0 = Debug|Any CPU
		{FB99B9B8-421C-47F1-8285-4F6881809E17}.Release|Any CPU.ActiveCfg = Release|Any CPU
		{FB99B9B8-421C-47F1-8285-4F6881809E17}.Release|Any CPU.Build.0 = Release|Any CPU
	EndGlobalSection
	GlobalSection(SolutionProperties) = preSolution
		HideSolutionNode = FALSE
	EndGlobalSection
	GlobalSection(ExtensibilityGlobals) = postSolution
		SolutionGuid = {9EF7294C-FACD-4A11-8470-2D223FDF8065}
	EndGlobalSection
EndGlobal
